
Microsoft Visual Studio Solution File, Format Version 12.00
# Visual Studio 15
VisualStudioVersion = 15.0.26430.12
MinimumVisualStudioVersion = 10.0.40219.1
Project("{D954291E-2A0B-460D-934E-DC6B0785DB48}") = "LAZARILLOAPP", "LAZARILLOAPP\LAZARILLOAPP\LAZARILLOAPP.shproj", "{1C5E0DE0-DC6B-40F8-8970-1FF0368B6B51}"
EndProject
Project("{FAE04EC0-301F-11D3-BF4B-00C04F79EFBC}") = "LAZARILLOAPP.Android", "LAZARILLOAPP\LAZARILLOAPP.Android\LAZARILLOAPP.Android.csproj", "{5A290DD1-A847-4298-AC7D-0F163E53B3F1}"
EndProject
Project("{FAE04EC0-301F-11D3-BF4B-00C04F79EFBC}") = "LAZARILLOAPP.iOS", "LAZARILLOAPP\LAZARILLOAPP.iOS\LAZARILLOAPP.iOS.csproj", "{7049E5FA-FF36-46AE-92E9-258328C44BCB}"
EndProject
Project("{FAE04EC0-301F-11D3-BF4B-00C04F79EFBC}") = "LAZARILLOAPP.UWP", "LAZARILLOAPP\LAZARILLOAPP.UWP\LAZARILLOAPP.UWP.csproj", "{68236C3B-2333-4739-A719-6CDB9B74774B}"
EndProject
Global
	GlobalSection(SharedMSBuildProjectFiles) = preSolution
		LAZARILLOAPP\LAZARILLOAPP\LAZARILLOAPP.projitems*{1c5e0de0-dc6b-40f8-8970-1ff0368b6b51}*SharedItemsImports = 13
		LAZARILLOAPP\LAZARILLOAPP\LAZARILLOAPP.projitems*{5a290dd1-a847-4298-ac7d-0f163e53b3f1}*SharedItemsImports = 4
		LAZARILLOAPP\LAZARILLOAPP\LAZARILLOAPP.projitems*{7049e5fa-ff36-46ae-92e9-258328c44bcb}*SharedItemsImports = 4
	EndGlobalSection
	GlobalSection(SolutionConfigurationPlatforms) = preSolution
		Ad-Hoc|Any CPU = Ad-Hoc|Any CPU
		Ad-Hoc|ARM = Ad-Hoc|ARM
		Ad-Hoc|iPhone = Ad-Hoc|iPhone
		Ad-Hoc|iPhoneSimulator = Ad-Hoc|iPhoneSimulator
		Ad-Hoc|x64 = Ad-Hoc|x64
		Ad-Hoc|x86 = Ad-Hoc|x86
		AppStore|Any CPU = AppStore|Any CPU
		AppStore|ARM = AppStore|ARM
		AppStore|iPhone = AppStore|iPhone
		AppStore|iPhoneSimulator = AppStore|iPhoneSimulator
		AppStore|x64 = AppStore|x64
		AppStore|x86 = AppStore|x86
		Debug|Any CPU = Debug|Any CPU
		Debug|ARM = Debug|ARM
		Debug|iPhone = Debug|iPhone
		Debug|iPhoneSimulator = Debug|iPhoneSimulator
		Debug|x64 = Debug|x64
		Debug|x86 = Debug|x86
		Release|Any CPU = Release|Any CPU
		Release|ARM = Release|ARM
		Release|iPhone = Release|iPhone
		Release|iPhoneSimulator = Release|iPhoneSimulator
		Release|x64 = Release|x64
		Release|x86 = Release|x86
	EndGlobalSection
	GlobalSection(ProjectConfigurationPlatforms) = postSolution
		{5A290DD1-A847-4298-AC7D-0F163E53B3F1}.Ad-Hoc|Any CPU.ActiveCfg = Release|Any CPU
		{5A290DD1-A847-4298-AC7D-0F163E53B3F1}.Ad-Hoc|Any CPU.Build.0 = Release|Any CPU
		{5A290DD1-A847-4298-AC7D-0F163E53B3F1}.Ad-Hoc|Any CPU.Deploy.0 = Release|Any CPU
		{5A290DD1-A847-4298-AC7D-0F163E53B3F1}.Ad-Hoc|ARM.ActiveCfg = Release|Any CPU
		{5A290DD1-A847-4298-AC7D-0F163E53B3F1}.Ad-Hoc|ARM.Build.0 = Release|Any CPU
		{5A290DD1-A847-4298-AC7D-0F163E53B3F1}.Ad-Hoc|ARM.Deploy.0 = Release|Any CPU
		{5A290DD1-A847-4298-AC7D-0F163E53B3F1}.Ad-Hoc|iPhone.ActiveCfg = Release|Any CPU
		{5A290DD1-A847-4298-AC7D-0F163E53B3F1}.Ad-Hoc|iPhone.Build.0 = Release|Any CPU
		{5A290DD1-A847-4298-AC7D-0F163E53B3F1}.Ad-Hoc|iPhone.Deploy.0 = Release|Any CPU
		{5A290DD1-A847-4298-AC7D-0F163E53B3F1}.Ad-Hoc|iPhoneSimulator.ActiveCfg = Release|Any CPU
		{5A290DD1-A847-4298-AC7D-0F163E53B3F1}.Ad-Hoc|iPhoneSimulator.Build.0 = Release|Any CPU
		{5A290DD1-A847-4298-AC7D-0F163E53B3F1}.Ad-Hoc|iPhoneSimulator.Deploy.0 = Release|Any CPU
		{5A290DD1-A847-4298-AC7D-0F163E53B3F1}.Ad-Hoc|x64.ActiveCfg = Release|Any CPU
		{5A290DD1-A847-4298-AC7D-0F163E53B3F1}.Ad-Hoc|x64.Build.0 = Release|Any CPU
		{5A290DD1-A847-4298-AC7D-0F163E53B3F1}.Ad-Hoc|x64.Deploy.0 = Release|Any CPU
		{5A290DD1-A847-4298-AC7D-0F163E53B3F1}.Ad-Hoc|x86.ActiveCfg = Release|Any CPU
		{5A290DD1-A847-4298-AC7D-0F163E53B3F1}.Ad-Hoc|x86.Build.0 = Release|Any CPU
		{5A290DD1-A847-4298-AC7D-0F163E53B3F1}.Ad-Hoc|x86.Deploy.0 = Release|Any CPU
		{5A290DD1-A847-4298-AC7D-0F163E53B3F1}.AppStore|Any CPU.ActiveCfg = Release|Any CPU
		{5A290DD1-A847-4298-AC7D-0F163E53B3F1}.AppStore|Any CPU.Build.0 = Release|Any CPU
		{5A290DD1-A847-4298-AC7D-0F163E53B3F1}.AppStore|Any CPU.Deploy.0 = Release|Any CPU
		{5A290DD1-A847-4298-AC7D-0F163E53B3F1}.AppStore|ARM.ActiveCfg = Release|Any CPU
		{5A290DD1-A847-4298-AC7D-0F163E53B3F1}.AppStore|ARM.Build.0 = Release|Any CPU
		{5A290DD1-A847-4298-AC7D-0F163E53B3F1}.AppStore|ARM.Deploy.0 = Release|Any CPU
		{5A290DD1-A847-4298-AC7D-0F163E53B3F1}.AppStore|iPhone.ActiveCfg = Release|Any CPU
		{5A290DD1-A847-4298-AC7D-0F163E53B3F1}.AppStore|iPhone.Build.0 = Release|Any CPU
		{5A290DD1-A847-4298-AC7D-0F163E53B3F1}.AppStore|iPhone.Deploy.0 = Release|Any CPU
		{5A290DD1-A847-4298-AC7D-0F163E53B3F1}.AppStore|iPhoneSimulator.ActiveCfg = Release|Any CPU
		{5A290DD1-A847-4298-AC7D-0F163E53B3F1}.AppStore|iPhoneSimulator.Build.0 = Release|Any CPU
		{5A290DD1-A847-4298-AC7D-0F163E53B3F1}.AppStore|iPhoneSimulator.Deploy.0 = Release|Any CPU
		{5A290DD1-A847-4298-AC7D-0F163E53B3F1}.AppStore|x64.ActiveCfg = Release|Any CPU
		{5A290DD1-A847-4298-AC7D-0F163E53B3F1}.AppStore|x64.Build.0 = Release|Any CPU
		{5A290DD1-A847-4298-AC7D-0F163E53B3F1}.AppStore|x64.Deploy.0 = Release|Any CPU
		{5A290DD1-A847-4298-AC7D-0F163E53B3F1}.AppStore|x86.ActiveCfg = Release|Any CPU
		{5A290DD1-A847-4298-AC7D-0F163E53B3F1}.AppStore|x86.Build.0 = Release|Any CPU
		{5A290DD1-A847-4298-AC7D-0F163E53B3F1}.AppStore|x86.Deploy.0 = Release|Any CPU
		{5A290DD1-A847-4298-AC7D-0F163E53B3F1}.Debug|Any CPU.ActiveCfg = Debug|Any CPU
		{5A290DD1-A847-4298-AC7D-0F163E53B3F1}.Debug|Any CPU.Build.0 = Debug|Any CPU
		{5A290DD1-A847-4298-AC7D-0F163E53B3F1}.Debug|Any CPU.Deploy.0 = Debug|Any CPU
		{5A290DD1-A847-4298-AC7D-0F163E53B3F1}.Debug|ARM.ActiveCfg = Debug|Any CPU
		{5A290DD1-A847-4298-AC7D-0F163E53B3F1}.Debug|ARM.Build.0 = Debug|Any CPU
		{5A290DD1-A847-4298-AC7D-0F163E53B3F1}.Debug|ARM.Deploy.0 = Debug|Any CPU
		{5A290DD1-A847-4298-AC7D-0F163E53B3F1}.Debug|iPhone.ActiveCfg = Debug|Any CPU
		{5A290DD1-A847-4298-AC7D-0F163E53B3F1}.Debug|iPhone.Build.0 = Debug|Any CPU
		{5A290DD1-A847-4298-AC7D-0F163E53B3F1}.Debug|iPhone.Deploy.0 = Debug|Any CPU
		{5A290DD1-A847-4298-AC7D-0F163E53B3F1}.Debug|iPhoneSimulator.ActiveCfg = Debug|Any CPU
		{5A290DD1-A847-4298-AC7D-0F163E53B3F1}.Debug|iPhoneSimulator.Build.0 = Debug|Any CPU
		{5A290DD1-A847-4298-AC7D-0F163E53B3F1}.Debug|iPhoneSimulator.Deploy.0 = Debug|Any CPU
		{5A290DD1-A847-4298-AC7D-0F163E53B3F1}.Debug|x64.ActiveCfg = Debug|Any CPU
		{5A290DD1-A847-4298-AC7D-0F163E53B3F1}.Debug|x64.Build.0 = Debug|Any CPU
		{5A290DD1-A847-4298-AC7D-0F163E53B3F1}.Debug|x64.Deploy.0 = Debug|Any CPU
		{5A290DD1-A847-4298-AC7D-0F163E53B3F1}.Debug|x86.ActiveCfg = Debug|Any CPU
		{5A290DD1-A847-4298-AC7D-0F163E53B3F1}.Debug|x86.Build.0 = Debug|Any CPU
		{5A290DD1-A847-4298-AC7D-0F163E53B3F1}.Debug|x86.Deploy.0 = Debug|Any CPU
		{5A290DD1-A847-4298-AC7D-0F163E53B3F1}.Release|Any CPU.ActiveCfg = Release|Any CPU
		{5A290DD1-A847-4298-AC7D-0F163E53B3F1}.Release|Any CPU.Build.0 = Release|Any CPU
		{5A290DD1-A847-4298-AC7D-0F163E53B3F1}.Release|Any CPU.Deploy.0 = Release|Any CPU
		{5A290DD1-A847-4298-AC7D-0F163E53B3F1}.Release|ARM.ActiveCfg = Release|Any CPU
		{5A290DD1-A847-4298-AC7D-0F163E53B3F1}.Release|ARM.Build.0 = Release|Any CPU
		{5A290DD1-A847-4298-AC7D-0F163E53B3F1}.Release|ARM.Deploy.0 = Release|Any CPU
		{5A290DD1-A847-4298-AC7D-0F163E53B3F1}.Release|iPhone.ActiveCfg = Release|Any CPU
		{5A290DD1-A847-4298-AC7D-0F163E53B3F1}.Release|iPhone.Build.0 = Release|Any CPU
		{5A290DD1-A847-4298-AC7D-0F163E53B3F1}.Release|iPhone.Deploy.0 = Release|Any CPU
		{5A290DD1-A847-4298-AC7D-0F163E53B3F1}.Release|iPhoneSimulator.ActiveCfg = Release|Any CPU
		{5A290DD1-A847-4298-AC7D-0F163E53B3F1}.Release|iPhoneSimulator.Build.0 = Release|Any CPU
		{5A290DD1-A847-4298-AC7D-0F163E53B3F1}.Release|iPhoneSimulator.Deploy.0 = Release|Any CPU
		{5A290DD1-A847-4298-AC7D-0F163E53B3F1}.Release|x64.ActiveCfg = Release|Any CPU
		{5A290DD1-A847-4298-AC7D-0F163E53B3F1}.Release|x64.Build.0 = Release|Any CPU
		{5A290DD1-A847-4298-AC7D-0F163E53B3F1}.Release|x64.Deploy.0 = Release|Any CPU
		{5A290DD1-A847-4298-AC7D-0F163E53B3F1}.Release|x86.ActiveCfg = Release|Any CPU
		{5A290DD1-A847-4298-AC7D-0F163E53B3F1}.Release|x86.Build.0 = Release|Any CPU
		{5A290DD1-A847-4298-AC7D-0F163E53B3F1}.Release|x86.Deploy.0 = Release|Any CPU
		{7049E5FA-FF36-46AE-92E9-258328C44BCB}.Ad-Hoc|Any CPU.ActiveCfg = Ad-Hoc|iPhone
		{7049E5FA-FF36-46AE-92E9-258328C44BCB}.Ad-Hoc|ARM.ActiveCfg = Ad-Hoc|iPhone
		{7049E5FA-FF36-46AE-92E9-258328C44BCB}.Ad-Hoc|iPhone.ActiveCfg = Ad-Hoc|iPhone
		{7049E5FA-FF36-46AE-92E9-258328C44BCB}.Ad-Hoc|iPhone.Build.0 = Ad-Hoc|iPhone
		{7049E5FA-FF36-46AE-92E9-258328C44BCB}.Ad-Hoc|iPhoneSimulator.ActiveCfg = Ad-Hoc|iPhoneSimulator
		{7049E5FA-FF36-46AE-92E9-258328C44BCB}.Ad-Hoc|iPhoneSimulator.Build.0 = Ad-Hoc|iPhoneSimulator
		{7049E5FA-FF36-46AE-92E9-258328C44BCB}.Ad-Hoc|x64.ActiveCfg = Ad-Hoc|iPhone
		{7049E5FA-FF36-46AE-92E9-258328C44BCB}.Ad-Hoc|x86.ActiveCfg = Ad-Hoc|iPhone
		{7049E5FA-FF36-46AE-92E9-258328C44BCB}.AppStore|Any CPU.ActiveCfg = AppStore|iPhone
		{7049E5FA-FF36-46AE-92E9-258328C44BCB}.AppStore|ARM.ActiveCfg = AppStore|iPhone
		{7049E5FA-FF36-46AE-92E9-258328C44BCB}.AppStore|iPhone.ActiveCfg = AppStore|iPhone
		{7049E5FA-FF36-46AE-92E9-258328C44BCB}.AppStore|iPhone.Build.0 = AppStore|iPhone
		{7049E5FA-FF36-46AE-92E9-258328C44BCB}.AppStore|iPhoneSimulator.ActiveCfg = AppStore|iPhoneSimulator
		{7049E5FA-FF36-46AE-92E9-258328C44BCB}.AppStore|iPhoneSimulator.Build.0 = AppStore|iPhoneSimulator
		{7049E5FA-FF36-46AE-92E9-258328C44BCB}.AppStore|x64.ActiveCfg = AppStore|iPhone
		{7049E5FA-FF36-46AE-92E9-258328C44BCB}.AppStore|x86.ActiveCfg = AppStore|iPhone
		{7049E5FA-FF36-46AE-92E9-258328C44BCB}.Debug|Any CPU.ActiveCfg = Debug|iPhone
		{7049E5FA-FF36-46AE-92E9-258328C44BCB}.Debug|ARM.ActiveCfg = Debug|iPhone
		{7049E5FA-FF36-46AE-92E9-258328C44BCB}.Debug|iPhone.ActiveCfg = Debug|iPhone
		{7049E5FA-FF36-46AE-92E9-258328C44BCB}.Debug|iPhone.Build.0 = Debug|iPhone
		{7049E5FA-FF36-46AE-92E9-258328C44BCB}.Debug|iPhoneSimulator.ActiveCfg = Debug|iPhoneSimulator
		{7049E5FA-FF36-46AE-92E9-258328C44BCB}.Debug|iPhoneSimulator.Build.0 = Debug|iPhoneSimulator
		{7049E5FA-FF36-46AE-92E9-258328C44BCB}.Debug|x64.ActiveCfg = Debug|iPhone
		{7049E5FA-FF36-46AE-92E9-258328C44BCB}.Debug|x86.ActiveCfg = Debug|iPhone
		{7049E5FA-FF36-46AE-92E9-258328C44BCB}.Release|Any CPU.ActiveCfg = Release|iPhone
		{7049E5FA-FF36-46AE-92E9-258328C44BCB}.Release|ARM.ActiveCfg = Release|iPhone
		{7049E5FA-FF36-46AE-92E9-258328C44BCB}.Release|iPhone.ActiveCfg = Release|iPhone
		{7049E5FA-FF36-46AE-92E9-258328C44BCB}.Release|iPhone.Build.0 = Release|iPhone
		{7049E5FA-FF36-46AE-92E9-258328C44BCB}.Release|iPhoneSimulator.ActiveCfg = Release|iPhoneSimulator
		{7049E5FA-FF36-46AE-92E9-258328C44BCB}.Release|iPhoneSimulator.Build.0 = Release|iPhoneSimulator
		{7049E5FA-FF36-46AE-92E9-258328C44BCB}.Release|x64.ActiveCfg = Release|iPhone
		{7049E5FA-FF36-46AE-92E9-258328C44BCB}.Release|x86.ActiveCfg = Release|iPhone
		{68236C3B-2333-4739-A719-6CDB9B74774B}.Ad-Hoc|Any CPU.ActiveCfg = Release|x86
		{68236C3B-2333-4739-A719-6CDB9B74774B}.Ad-Hoc|Any CPU.Build.0 = Release|x86
		{68236C3B-2333-4739-A719-6CDB9B74774B}.Ad-Hoc|Any CPU.Deploy.0 = Release|x86
		{68236C3B-2333-4739-A719-6CDB9B74774B}.Ad-Hoc|ARM.ActiveCfg = Release|ARM
		{68236C3B-2333-4739-A719-6CDB9B74774B}.Ad-Hoc|ARM.Build.0 = Release|ARM
		{68236C3B-2333-4739-A719-6CDB9B74774B}.Ad-Hoc|ARM.Deploy.0 = Release|ARM
		{68236C3B-2333-4739-A719-6CDB9B74774B}.Ad-Hoc|iPhone.ActiveCfg = Release|x86
		{68236C3B-2333-4739-A719-6CDB9B74774B}.Ad-Hoc|iPhone.Build.0 = Release|x86
		{68236C3B-2333-4739-A719-6CDB9B74774B}.Ad-Hoc|iPhone.Deploy.0 = Release|x86
		{68236C3B-2333-4739-A719-6CDB9B74774B}.Ad-Hoc|iPhoneSimulator.ActiveCfg = Release|x86
		{68236C3B-2333-4739-A719-6CDB9B74774B}.Ad-Hoc|iPhoneSimulator.Build.0 = Release|x86
		{68236C3B-2333-4739-A719-6CDB9B74774B}.Ad-Hoc|iPhoneSimulator.Deploy.0 = Release|x86
		{68236C3B-2333-4739-A719-6CDB9B74774B}.Ad-Hoc|x64.ActiveCfg = Release|x64
		{68236C3B-2333-4739-A719-6CDB9B74774B}.Ad-Hoc|x64.Build.0 = Release|x64
		{68236C3B-2333-4739-A719-6CDB9B74774B}.Ad-Hoc|x64.Deploy.0 = Release|x64
		{68236C3B-2333-4739-A719-6CDB9B74774B}.Ad-Hoc|x86.ActiveCfg = Release|x86
		{68236C3B-2333-4739-A719-6CDB9B74774B}.Ad-Hoc|x86.Build.0 = Release|x86
		{68236C3B-2333-4739-A719-6CDB9B74774B}.Ad-Hoc|x86.Deploy.0 = Release|x86
		{68236C3B-2333-4739-A719-6CDB9B74774B}.AppStore|Any CPU.ActiveCfg = Release|x86
		{68236C3B-2333-4739-A719-6CDB9B74774B}.AppStore|Any CPU.Build.0 = Release|x86
		{68236C3B-2333-4739-A719-6CDB9B74774B}.AppStore|Any CPU.Deploy.0 = Release|x86
		{68236C3B-2333-4739-A719-6CDB9B74774B}.AppStore|ARM.ActiveCfg = Release|ARM
		{68236C3B-2333-4739-A719-6CDB9B74774B}.AppStore|ARM.Build.0 = Release|ARM
		{68236C3B-2333-4739-A719-6CDB9B74774B}.AppStore|ARM.Deploy.0 = Release|ARM
		{68236C3B-2333-4739-A719-6CDB9B74774B}.AppStore|iPhone.ActiveCfg = Release|x86
		{68236C3B-2333-4739-A719-6CDB9B74774B}.AppStore|iPhone.Build.0 = Release|x86
		{68236C3B-2333-4739-A719-6CDB9B74774B}.AppStore|iPhone.Deploy.0 = Release|x86
		{68236C3B-2333-4739-A719-6CDB9B74774B}.AppStore|iPhoneSimulator.ActiveCfg = Release|x86
		{68236C3B-2333-4739-A719-6CDB9B74774B}.AppStore|iPhoneSimulator.Build.0 = Release|x86
		{68236C3B-2333-4739-A719-6CDB9B74774B}.AppStore|iPhoneSimulator.Deploy.0 = Release|x86
		{68236C3B-2333-4739-A719-6CDB9B74774B}.AppStore|x64.ActiveCfg = Release|x64
		{68236C3B-2333-4739-A719-6CDB9B74774B}.AppStore|x64.Build.0 = Release|x64
		{68236C3B-2333-4739-A719-6CDB9B74774B}.AppStore|x64.Deploy.0 = Release|x64
		{68236C3B-2333-4739-A719-6CDB9B74774B}.AppStore|x86.ActiveCfg = Release|x86
		{68236C3B-2333-4739-A719-6CDB9B74774B}.AppStore|x86.Build.0 = Release|x86
		{68236C3B-2333-4739-A719-6CDB9B74774B}.AppStore|x86.Deploy.0 = Release|x86
		{68236C3B-2333-4739-A719-6CDB9B74774B}.Debug|Any CPU.ActiveCfg = Debug|x86
		{68236C3B-2333-4739-A719-6CDB9B74774B}.Debug|ARM.ActiveCfg = Debug|ARM
		{68236C3B-2333-4739-A719-6CDB9B74774B}.Debug|ARM.Build.0 = Debug|ARM
		{68236C3B-2333-4739-A719-6CDB9B74774B}.Debug|ARM.Deploy.0 = Debug|ARM
		{68236C3B-2333-4739-A719-6CDB9B74774B}.Debug|iPhone.ActiveCfg = Debug|x86
		{68236C3B-2333-4739-A719-6CDB9B74774B}.Debug|iPhoneSimulator.ActiveCfg = Debug|x86
		{68236C3B-2333-4739-A719-6CDB9B74774B}.Debug|x64.ActiveCfg = Debug|x64
		{68236C3B-2333-4739-A719-6CDB9B74774B}.Debug|x64.Build.0 = Debug|x64
		{68236C3B-2333-4739-A719-6CDB9B74774B}.Debug|x64.Deploy.0 = Debug|x64
		{68236C3B-2333-4739-A719-6CDB9B74774B}.Debug|x86.ActiveCfg = Debug|x86
		{68236C3B-2333-4739-A719-6CDB9B74774B}.Debug|x86.Build.0 = Debug|x86
		{68236C3B-2333-4739-A719-6CDB9B74774B}.Debug|x86.Deploy.0 = Debug|x86
		{68236C3B-2333-4739-A719-6CDB9B74774B}.Release|Any CPU.ActiveCfg = Release|x86
		{68236C3B-2333-4739-A719-6CDB9B74774B}.Release|ARM.ActiveCfg = Release|ARM
		{68236C3B-2333-4739-A719-6CDB9B74774B}.Release|ARM.Build.0 = Release|ARM
		{68236C3B-2333-4739-A719-6CDB9B74774B}.Release|ARM.Deploy.0 = Release|ARM
		{68236C3B-2333-4739-A719-6CDB9B74774B}.Release|iPhone.ActiveCfg = Release|x86
		{68236C3B-2333-4739-A719-6CDB9B74774B}.Release|iPhoneSimulator.ActiveCfg = Release|x86
		{68236C3B-2333-4739-A719-6CDB9B74774B}.Release|x64.ActiveCfg = Release|x64
		{68236C3B-2333-4739-A719-6CDB9B74774B}.Release|x64.Build.0 = Release|x64
		{68236C3B-2333-4739-A719-6CDB9B74774B}.Release|x64.Deploy.0 = Release|x64
		{68236C3B-2333-4739-A719-6CDB9B74774B}.Release|x86.ActiveCfg = Release|x86
		{68236C3B-2333-4739-A719-6CDB9B74774B}.Release|x86.Build.0 = Release|x86
		{68236C3B-2333-4739-A719-6CDB9B74774B}.Release|x86.Deploy.0 = Release|x86
	EndGlobalSection
	GlobalSection(SolutionProperties) = preSolution
		HideSolutionNode = FALSE
	EndGlobalSection
EndGlobal
